// !$*UTF8*$!
{
	archiveVersion = 1;
	classes = {
	};
	objectVersion = 51;
	objects = {

/* Begin PBXBuildFile section */
		2D7DA1438A2CB519A3FF9137 /* Pods_MealRatingTests.framework in Frameworks */ = {isa = PBXBuildFile; fileRef = 8598C17432432698CD9DB4E0 /* Pods_MealRatingTests.framework */; };
		9F02D12A2614945D00C2086D /* AppDelegate.swift in Sources */ = {isa = PBXBuildFile; fileRef = 9F02D1292614945D00C2086D /* AppDelegate.swift */; };
		9F02D12C2614945D00C2086D /* SceneDelegate.swift in Sources */ = {isa = PBXBuildFile; fileRef = 9F02D12B2614945D00C2086D /* SceneDelegate.swift */; };
		9F02D12E2614945D00C2086D /* MealDetailViewController.swift in Sources */ = {isa = PBXBuildFile; fileRef = 9F02D12D2614945D00C2086D /* MealDetailViewController.swift */; };
		9F02D1312614945D00C2086D /* Main.storyboard in Resources */ = {isa = PBXBuildFile; fileRef = 9F02D12F2614945D00C2086D /* Main.storyboard */; };
		9F02D1332614945F00C2086D /* Assets.xcassets in Resources */ = {isa = PBXBuildFile; fileRef = 9F02D1322614945F00C2086D /* Assets.xcassets */; };
		9F02D1362614945F00C2086D /* LaunchScreen.storyboard in Resources */ = {isa = PBXBuildFile; fileRef = 9F02D1342614945F00C2086D /* LaunchScreen.storyboard */; };
		9F02D1412614945F00C2086D /* MealRatingTests.swift in Sources */ = {isa = PBXBuildFile; fileRef = 9F02D1402614945F00C2086D /* MealRatingTests.swift */; };
		9F02D14C2614945F00C2086D /* MealRatingUITests.swift in Sources */ = {isa = PBXBuildFile; fileRef = 9F02D14B2614945F00C2086D /* MealRatingUITests.swift */; };
		9F1519EE269BF293008DFE26 /* RatingControl.swift in Sources */ = {isa = PBXBuildFile; fileRef = 9F1519ED269BF293008DFE26 /* RatingControl.swift */; };
		9F40A0B926B81E1A003EADE5 /* Meal.swift in Sources */ = {isa = PBXBuildFile; fileRef = 9F40A0B826B81E1A003EADE5 /* Meal.swift */; };
		9F58E08226BA9C260045896F /* MealTableViewCell.swift in Sources */ = {isa = PBXBuildFile; fileRef = 9F58E08126BA9C260045896F /* MealTableViewCell.swift */; };
		9F58E08A26BAE9A70045896F /* MealTableViewController.swift in Sources */ = {isa = PBXBuildFile; fileRef = 9F58E08926BAE9A70045896F /* MealTableViewController.swift */; };
		9FD98E6227F59F80003D5140 /* AppDatabase.swift in Sources */ = {isa = PBXBuildFile; fileRef = 9FD98E6127F59F80003D5140 /* AppDatabase.swift */; };
		9FD98E6427F59F8F003D5140 /* Persistence.swift in Sources */ = {isa = PBXBuildFile; fileRef = 9FD98E6327F59F8F003D5140 /* Persistence.swift */; };
		B0CC2E5BF70EE44E002EA33A /* Pods_MealRating_MealRatingUITests.framework in Frameworks */ = {isa = PBXBuildFile; fileRef = 1221E4CFCD839223E3F3DF5D /* Pods_MealRating_MealRatingUITests.framework */; };
		DCF333FCED621AEEE43542C1 /* Pods_MealRating.framework in Frameworks */ = {isa = PBXBuildFile; fileRef = 2B5C6D3C52AD3D5FF76F876F /* Pods_MealRating.framework */; };
/* End PBXBuildFile section */

/* Begin PBXContainerItemProxy section */
		9F02D13D2614945F00C2086D /* PBXContainerItemProxy */ = {
			isa = PBXContainerItemProxy;
			containerPortal = 9F02D11E2614945C00C2086D /* Project object */;
			proxyType = 1;
			remoteGlobalIDString = 9F02D1252614945D00C2086D;
			remoteInfo = MealRating;
		};
		9F02D1482614945F00C2086D /* PBXContainerItemProxy */ = {
			isa = PBXContainerItemProxy;
			containerPortal = 9F02D11E2614945C00C2086D /* Project object */;
			proxyType = 1;
			remoteGlobalIDString = 9F02D1252614945D00C2086D;
			remoteInfo = MealRating;
		};
/* End PBXContainerItemProxy section */

/* Begin PBXFileReference section */
		1221E4CFCD839223E3F3DF5D /* Pods_MealRating_MealRatingUITests.framework */ = {isa = PBXFileReference; explicitFileType = wrapper.framework; includeInIndex = 0; path = Pods_MealRating_MealRatingUITests.framework; sourceTree = BUILT_PRODUCTS_DIR; };
		2A5BB86DBF88A22ADE509FA3 /* Pods-MealRating-MealRatingUITests.release.xcconfig */ = {isa = PBXFileReference; includeInIndex = 1; lastKnownFileType = text.xcconfig; name = "Pods-MealRating-MealRatingUITests.release.xcconfig"; path = "Target Support Files/Pods-MealRating-MealRatingUITests/Pods-MealRating-MealRatingUITests.release.xcconfig"; sourceTree = "<group>"; };
		2B5C6D3C52AD3D5FF76F876F /* Pods_MealRating.framework */ = {isa = PBXFileReference; explicitFileType = wrapper.framework; includeInIndex = 0; path = Pods_MealRating.framework; sourceTree = BUILT_PRODUCTS_DIR; };
		35570F777E725CD577E24A48 /* Pods-MealRating-MealRatingUITests.debug.xcconfig */ = {isa = PBXFileReference; includeInIndex = 1; lastKnownFileType = text.xcconfig; name = "Pods-MealRating-MealRatingUITests.debug.xcconfig"; path = "Target Support Files/Pods-MealRating-MealRatingUITests/Pods-MealRating-MealRatingUITests.debug.xcconfig"; sourceTree = "<group>"; };
		8598C17432432698CD9DB4E0 /* Pods_MealRatingTests.framework */ = {isa = PBXFileReference; explicitFileType = wrapper.framework; includeInIndex = 0; path = Pods_MealRatingTests.framework; sourceTree = BUILT_PRODUCTS_DIR; };
		9F02D1262614945D00C2086D /* MealRating.app */ = {isa = PBXFileReference; explicitFileType = wrapper.application; includeInIndex = 0; path = MealRating.app; sourceTree = BUILT_PRODUCTS_DIR; };
		9F02D1292614945D00C2086D /* AppDelegate.swift */ = {isa = PBXFileReference; lastKnownFileType = sourcecode.swift; path = AppDelegate.swift; sourceTree = "<group>"; };
		9F02D12B2614945D00C2086D /* SceneDelegate.swift */ = {isa = PBXFileReference; lastKnownFileType = sourcecode.swift; path = SceneDelegate.swift; sourceTree = "<group>"; };
		9F02D12D2614945D00C2086D /* MealDetailViewController.swift */ = {isa = PBXFileReference; lastKnownFileType = sourcecode.swift; path = MealDetailViewController.swift; sourceTree = "<group>"; };
		9F02D1302614945D00C2086D /* Base */ = {isa = PBXFileReference; lastKnownFileType = file.storyboard; name = Base; path = Base.lproj/Main.storyboard; sourceTree = "<group>"; };
		9F02D1322614945F00C2086D /* Assets.xcassets */ = {isa = PBXFileReference; lastKnownFileType = folder.assetcatalog; path = Assets.xcassets; sourceTree = "<group>"; };
		9F02D1352614945F00C2086D /* Base */ = {isa = PBXFileReference; lastKnownFileType = file.storyboard; name = Base; path = Base.lproj/LaunchScreen.storyboard; sourceTree = "<group>"; };
		9F02D1372614945F00C2086D /* Info.plist */ = {isa = PBXFileReference; lastKnownFileType = text.plist.xml; path = Info.plist; sourceTree = "<group>"; };
		9F02D13C2614945F00C2086D /* MealRatingTests.xctest */ = {isa = PBXFileReference; explicitFileType = wrapper.cfbundle; includeInIndex = 0; path = MealRatingTests.xctest; sourceTree = BUILT_PRODUCTS_DIR; };
		9F02D1402614945F00C2086D /* MealRatingTests.swift */ = {isa = PBXFileReference; lastKnownFileType = sourcecode.swift; path = MealRatingTests.swift; sourceTree = "<group>"; };
		9F02D1422614945F00C2086D /* Info.plist */ = {isa = PBXFileReference; lastKnownFileType = text.plist.xml; path = Info.plist; sourceTree = "<group>"; };
		9F02D1472614945F00C2086D /* MealRatingUITests.xctest */ = {isa = PBXFileReference; explicitFileType = wrapper.cfbundle; includeInIndex = 0; path = MealRatingUITests.xctest; sourceTree = BUILT_PRODUCTS_DIR; };
		9F02D14B2614945F00C2086D /* MealRatingUITests.swift */ = {isa = PBXFileReference; lastKnownFileType = sourcecode.swift; path = MealRatingUITests.swift; sourceTree = "<group>"; };
		9F02D14D2614945F00C2086D /* Info.plist */ = {isa = PBXFileReference; lastKnownFileType = text.plist.xml; path = Info.plist; sourceTree = "<group>"; };
		9F1519ED269BF293008DFE26 /* RatingControl.swift */ = {isa = PBXFileReference; lastKnownFileType = sourcecode.swift; path = RatingControl.swift; sourceTree = "<group>"; };
		9F40A0B826B81E1A003EADE5 /* Meal.swift */ = {isa = PBXFileReference; lastKnownFileType = sourcecode.swift; path = Meal.swift; sourceTree = "<group>"; };
		9F58E08126BA9C260045896F /* MealTableViewCell.swift */ = {isa = PBXFileReference; lastKnownFileType = sourcecode.swift; path = MealTableViewCell.swift; sourceTree = "<group>"; };
		9F58E08926BAE9A70045896F /* MealTableViewController.swift */ = {isa = PBXFileReference; lastKnownFileType = sourcecode.swift; path = MealTableViewController.swift; sourceTree = "<group>"; };
		9FD98E6127F59F80003D5140 /* AppDatabase.swift */ = {isa = PBXFileReference; lastKnownFileType = sourcecode.swift; path = AppDatabase.swift; sourceTree = "<group>"; };
		9FD98E6327F59F8F003D5140 /* Persistence.swift */ = {isa = PBXFileReference; lastKnownFileType = sourcecode.swift; path = Persistence.swift; sourceTree = "<group>"; };
		B3C3909C84F3B93A9F3F5A9F /* Pods-MealRatingTests.release.xcconfig */ = {isa = PBXFileReference; includeInIndex = 1; lastKnownFileType = text.xcconfig; name = "Pods-MealRatingTests.release.xcconfig"; path = "Target Support Files/Pods-MealRatingTests/Pods-MealRatingTests.release.xcconfig"; sourceTree = "<group>"; };
		C9DDB71638887B4AC27FAA45 /* Pods-MealRating.release.xcconfig */ = {isa = PBXFileReference; includeInIndex = 1; lastKnownFileType = text.xcconfig; name = "Pods-MealRating.release.xcconfig"; path = "Target Support Files/Pods-MealRating/Pods-MealRating.release.xcconfig"; sourceTree = "<group>"; };
		CA4AB655681BD4C2D4F114F2 /* Pods-MealRatingTests.debug.xcconfig */ = {isa = PBXFileReference; includeInIndex = 1; lastKnownFileType = text.xcconfig; name = "Pods-MealRatingTests.debug.xcconfig"; path = "Target Support Files/Pods-MealRatingTests/Pods-MealRatingTests.debug.xcconfig"; sourceTree = "<group>"; };
		ED8433ED69B6B0BBA5905A62 /* Pods-MealRating.debug.xcconfig */ = {isa = PBXFileReference; includeInIndex = 1; lastKnownFileType = text.xcconfig; name = "Pods-MealRating.debug.xcconfig"; path = "Target Support Files/Pods-MealRating/Pods-MealRating.debug.xcconfig"; sourceTree = "<group>"; };
/* End PBXFileReference section */

/* Begin PBXFrameworksBuildPhase section */
		9F02D1232614945D00C2086D /* Frameworks */ = {
			isa = PBXFrameworksBuildPhase;
			buildActionMask = 2147483647;
			files = (
				DCF333FCED621AEEE43542C1 /* Pods_MealRating.framework in Frameworks */,
			);
			runOnlyForDeploymentPostprocessing = 0;
		};
		9F02D1392614945F00C2086D /* Frameworks */ = {
			isa = PBXFrameworksBuildPhase;
			buildActionMask = 2147483647;
			files = (
				2D7DA1438A2CB519A3FF9137 /* Pods_MealRatingTests.framework in Frameworks */,
			);
			runOnlyForDeploymentPostprocessing = 0;
		};
		9F02D1442614945F00C2086D /* Frameworks */ = {
			isa = PBXFrameworksBuildPhase;
			buildActionMask = 2147483647;
			files = (
				B0CC2E5BF70EE44E002EA33A /* Pods_MealRating_MealRatingUITests.framework in Frameworks */,
			);
			runOnlyForDeploymentPostprocessing = 0;
		};
/* End PBXFrameworksBuildPhase section */

/* Begin PBXGroup section */
		678ED3260F7B141EF673F34A /* Frameworks */ = {
			isa = PBXGroup;
			children = (
				2B5C6D3C52AD3D5FF76F876F /* Pods_MealRating.framework */,
				1221E4CFCD839223E3F3DF5D /* Pods_MealRating_MealRatingUITests.framework */,
				8598C17432432698CD9DB4E0 /* Pods_MealRatingTests.framework */,
			);
			name = Frameworks;
			sourceTree = "<group>";
		};
		9F02D11D2614945C00C2086D = {
			isa = PBXGroup;
			children = (
				9F02D1282614945D00C2086D /* MealRating */,
				9F02D13F2614945F00C2086D /* MealRatingTests */,
				9F02D14A2614945F00C2086D /* MealRatingUITests */,
				9F02D1272614945D00C2086D /* Products */,
				A4894F532CC88C4D13DC169F /* Pods */,
				678ED3260F7B141EF673F34A /* Frameworks */,
			);
			sourceTree = "<group>";
		};
		9F02D1272614945D00C2086D /* Products */ = {
			isa = PBXGroup;
			children = (
				9F02D1262614945D00C2086D /* MealRating.app */,
				9F02D13C2614945F00C2086D /* MealRatingTests.xctest */,
				9F02D1472614945F00C2086D /* MealRatingUITests.xctest */,
			);
			name = Products;
			sourceTree = "<group>";
		};
		9F02D1282614945D00C2086D /* MealRating */ = {
			isa = PBXGroup;
			children = (
				9F02D1292614945D00C2086D /* AppDelegate.swift */,
				9FD98E6127F59F80003D5140 /* AppDatabase.swift */,
				9FD98E6327F59F8F003D5140 /* Persistence.swift */,
				9F02D12B2614945D00C2086D /* SceneDelegate.swift */,
				9F58E08926BAE9A70045896F /* MealTableViewController.swift */,
				9F02D12D2614945D00C2086D /* MealDetailViewController.swift */,
				9F58E08126BA9C260045896F /* MealTableViewCell.swift */,
				9F1519ED269BF293008DFE26 /* RatingControl.swift */,
				9F02D12F2614945D00C2086D /* Main.storyboard */,
				9F40A0B826B81E1A003EADE5 /* Meal.swift */,
				9F02D1322614945F00C2086D /* Assets.xcassets */,
				9F02D1342614945F00C2086D /* LaunchScreen.storyboard */,
				9F02D1372614945F00C2086D /* Info.plist */,
			);
			path = MealRating;
			sourceTree = "<group>";
		};
		9F02D13F2614945F00C2086D /* MealRatingTests */ = {
			isa = PBXGroup;
			children = (
				9F02D1402614945F00C2086D /* MealRatingTests.swift */,
				9F02D1422614945F00C2086D /* Info.plist */,
			);
			path = MealRatingTests;
			sourceTree = "<group>";
		};
		9F02D14A2614945F00C2086D /* MealRatingUITests */ = {
			isa = PBXGroup;
			children = (
				9F02D14B2614945F00C2086D /* MealRatingUITests.swift */,
				9F02D14D2614945F00C2086D /* Info.plist */,
			);
			path = MealRatingUITests;
			sourceTree = "<group>";
		};
		A4894F532CC88C4D13DC169F /* Pods */ = {
			isa = PBXGroup;
			children = (
				ED8433ED69B6B0BBA5905A62 /* Pods-MealRating.debug.xcconfig */,
				C9DDB71638887B4AC27FAA45 /* Pods-MealRating.release.xcconfig */,
				35570F777E725CD577E24A48 /* Pods-MealRating-MealRatingUITests.debug.xcconfig */,
				2A5BB86DBF88A22ADE509FA3 /* Pods-MealRating-MealRatingUITests.release.xcconfig */,
				CA4AB655681BD4C2D4F114F2 /* Pods-MealRatingTests.debug.xcconfig */,
				B3C3909C84F3B93A9F3F5A9F /* Pods-MealRatingTests.release.xcconfig */,
			);
			path = Pods;
			sourceTree = "<group>";
		};
/* End PBXGroup section */

/* Begin PBXNativeTarget section */
		9F02D1252614945D00C2086D /* MealRating */ = {
			isa = PBXNativeTarget;
			buildConfigurationList = 9F02D1502614945F00C2086D /* Build configuration list for PBXNativeTarget "MealRating" */;
			buildPhases = (
				97E211AA86640B32F439B2AD /* [CP] Check Pods Manifest.lock */,
				9F02D1222614945D00C2086D /* Sources */,
				9F02D1232614945D00C2086D /* Frameworks */,
				9F02D1242614945D00C2086D /* Resources */,
				CF8D7D1D7A1B9B2FF272476E /* [CP] Embed Pods Frameworks */,
			);
			buildRules = (
			);
			dependencies = (
			);
			name = MealRating;
			productName = MealRating;
			productReference = 9F02D1262614945D00C2086D /* MealRating.app */;
			productType = "com.apple.product-type.application";
		};
		9F02D13B2614945F00C2086D /* MealRatingTests */ = {
			isa = PBXNativeTarget;
			buildConfigurationList = 9F02D1532614945F00C2086D /* Build configuration list for PBXNativeTarget "MealRatingTests" */;
			buildPhases = (
				B79B35232672C515A3B1CF82 /* [CP] Check Pods Manifest.lock */,
				9F02D1382614945F00C2086D /* Sources */,
				9F02D1392614945F00C2086D /* Frameworks */,
				9F02D13A2614945F00C2086D /* Resources */,
			);
			buildRules = (
			);
			dependencies = (
				9F02D13E2614945F00C2086D /* PBXTargetDependency */,
			);
			name = MealRatingTests;
			productName = MealRatingTests;
			productReference = 9F02D13C2614945F00C2086D /* MealRatingTests.xctest */;
			productType = "com.apple.product-type.bundle.unit-test";
		};
		9F02D1462614945F00C2086D /* MealRatingUITests */ = {
			isa = PBXNativeTarget;
			buildConfigurationList = 9F02D1562614945F00C2086D /* Build configuration list for PBXNativeTarget "MealRatingUITests" */;
			buildPhases = (
				DE386815EF8237D12DF4B083 /* [CP] Check Pods Manifest.lock */,
				9F02D1432614945F00C2086D /* Sources */,
				9F02D1442614945F00C2086D /* Frameworks */,
				9F02D1452614945F00C2086D /* Resources */,
				2769DCEBA5B729A9769052B2 /* [CP] Embed Pods Frameworks */,
			);
			buildRules = (
			);
			dependencies = (
				9F02D1492614945F00C2086D /* PBXTargetDependency */,
			);
			name = MealRatingUITests;
			productName = MealRatingUITests;
			productReference = 9F02D1472614945F00C2086D /* MealRatingUITests.xctest */;
			productType = "com.apple.product-type.bundle.ui-testing";
		};
/* End PBXNativeTarget section */

/* Begin PBXProject section */
		9F02D11E2614945C00C2086D /* Project object */ = {
			isa = PBXProject;
			attributes = {
				LastSwiftUpdateCheck = 1240;
				LastUpgradeCheck = 1240;
				TargetAttributes = {
					9F02D1252614945D00C2086D = {
						CreatedOnToolsVersion = 12.4;
					};
					9F02D13B2614945F00C2086D = {
						CreatedOnToolsVersion = 12.4;
						TestTargetID = 9F02D1252614945D00C2086D;
					};
					9F02D1462614945F00C2086D = {
						CreatedOnToolsVersion = 12.4;
						TestTargetID = 9F02D1252614945D00C2086D;
					};
				};
			};
			buildConfigurationList = 9F02D1212614945C00C2086D /* Build configuration list for PBXProject "MealRating" */;
			compatibilityVersion = "Xcode 9.3";
			developmentRegion = en;
			hasScannedForEncodings = 0;
			knownRegions = (
				en,
				Base,
			);
			mainGroup = 9F02D11D2614945C00C2086D;
			productRefGroup = 9F02D1272614945D00C2086D /* Products */;
			projectDirPath = "";
			projectRoot = "";
			targets = (
				9F02D1252614945D00C2086D /* MealRating */,
				9F02D13B2614945F00C2086D /* MealRatingTests */,
				9F02D1462614945F00C2086D /* MealRatingUITests */,
			);
		};
/* End PBXProject section */

/* Begin PBXResourcesBuildPhase section */
		9F02D1242614945D00C2086D /* Resources */ = {
			isa = PBXResourcesBuildPhase;
			buildActionMask = 2147483647;
			files = (
				9F02D1362614945F00C2086D /* LaunchScreen.storyboard in Resources */,
				9F02D1332614945F00C2086D /* Assets.xcassets in Resources */,
				9F02D1312614945D00C2086D /* Main.storyboard in Resources */,
			);
			runOnlyForDeploymentPostprocessing = 0;
		};
		9F02D13A2614945F00C2086D /* Resources */ = {
			isa = PBXResourcesBuildPhase;
			buildActionMask = 2147483647;
			files = (
			);
			runOnlyForDeploymentPostprocessing = 0;
		};
		9F02D1452614945F00C2086D /* Resources */ = {
			isa = PBXResourcesBuildPhase;
			buildActionMask = 2147483647;
			files = (
			);
			runOnlyForDeploymentPostprocessing = 0;
		};
/* End PBXResourcesBuildPhase section */

/* Begin PBXShellScriptBuildPhase section */
		2769DCEBA5B729A9769052B2 /* [CP] Embed Pods Frameworks */ = {
			isa = PBXShellScriptBuildPhase;
			buildActionMask = 2147483647;
			files = (
			);
			inputFileListPaths = (
				"${PODS_ROOT}/Target Support Files/Pods-MealRating-MealRatingUITests/Pods-MealRating-MealRatingUITests-frameworks-${CONFIGURATION}-input-files.xcfilelist",
			);
			name = "[CP] Embed Pods Frameworks";
			outputFileListPaths = (
				"${PODS_ROOT}/Target Support Files/Pods-MealRating-MealRatingUITests/Pods-MealRating-MealRatingUITests-frameworks-${CONFIGURATION}-output-files.xcfilelist",
			);
			runOnlyForDeploymentPostprocessing = 0;
			shellPath = /bin/sh;
			shellScript = "\"${PODS_ROOT}/Target Support Files/Pods-MealRating-MealRatingUITests/Pods-MealRating-MealRatingUITests-frameworks.sh\"\n";
			showEnvVarsInLog = 0;
		};
		97E211AA86640B32F439B2AD /* [CP] Check Pods Manifest.lock */ = {
			isa = PBXShellScriptBuildPhase;
			buildActionMask = 2147483647;
			files = (
			);
			inputFileListPaths = (
			);
			inputPaths = (
				"${PODS_PODFILE_DIR_PATH}/Podfile.lock",
				"${PODS_ROOT}/Manifest.lock",
			);
			name = "[CP] Check Pods Manifest.lock";
			outputFileListPaths = (
			);
			outputPaths = (
				"$(DERIVED_FILE_DIR)/Pods-MealRating-checkManifestLockResult.txt",
			);
			runOnlyForDeploymentPostprocessing = 0;
			shellPath = /bin/sh;
			shellScript = "diff \"${PODS_PODFILE_DIR_PATH}/Podfile.lock\" \"${PODS_ROOT}/Manifest.lock\" > /dev/null\nif [ $? != 0 ] ; then\n    # print error to STDERR\n    echo \"error: The sandbox is not in sync with the Podfile.lock. Run 'pod install' or update your CocoaPods installation.\" >&2\n    exit 1\nfi\n# This output is used by Xcode 'outputs' to avoid re-running this script phase.\necho \"SUCCESS\" > \"${SCRIPT_OUTPUT_FILE_0}\"\n";
			showEnvVarsInLog = 0;
		};
		B79B35232672C515A3B1CF82 /* [CP] Check Pods Manifest.lock */ = {
			isa = PBXShellScriptBuildPhase;
			buildActionMask = 2147483647;
			files = (
			);
			inputFileListPaths = (
			);
			inputPaths = (
				"${PODS_PODFILE_DIR_PATH}/Podfile.lock",
				"${PODS_ROOT}/Manifest.lock",
			);
			name = "[CP] Check Pods Manifest.lock";
			outputFileListPaths = (
			);
			outputPaths = (
				"$(DERIVED_FILE_DIR)/Pods-MealRatingTests-checkManifestLockResult.txt",
			);
			runOnlyForDeploymentPostprocessing = 0;
			shellPath = /bin/sh;
			shellScript = "diff \"${PODS_PODFILE_DIR_PATH}/Podfile.lock\" \"${PODS_ROOT}/Manifest.lock\" > /dev/null\nif [ $? != 0 ] ; then\n    # print error to STDERR\n    echo \"error: The sandbox is not in sync with the Podfile.lock. Run 'pod install' or update your CocoaPods installation.\" >&2\n    exit 1\nfi\n# This output is used by Xcode 'outputs' to avoid re-running this script phase.\necho \"SUCCESS\" > \"${SCRIPT_OUTPUT_FILE_0}\"\n";
			showEnvVarsInLog = 0;
		};
		CF8D7D1D7A1B9B2FF272476E /* [CP] Embed Pods Frameworks */ = {
			isa = PBXShellScriptBuildPhase;
			buildActionMask = 2147483647;
			files = (
			);
			inputFileListPaths = (
				"${PODS_ROOT}/Target Support Files/Pods-MealRating/Pods-MealRating-frameworks-${CONFIGURATION}-input-files.xcfilelist",
			);
			name = "[CP] Embed Pods Frameworks";
			outputFileListPaths = (
				"${PODS_ROOT}/Target Support Files/Pods-MealRating/Pods-MealRating-frameworks-${CONFIGURATION}-output-files.xcfilelist",
			);
			runOnlyForDeploymentPostprocessing = 0;
			shellPath = /bin/sh;
			shellScript = "\"${PODS_ROOT}/Target Support Files/Pods-MealRating/Pods-MealRating-frameworks.sh\"\n";
			showEnvVarsInLog = 0;
		};
		DE386815EF8237D12DF4B083 /* [CP] Check Pods Manifest.lock */ = {
			isa = PBXShellScriptBuildPhase;
			buildActionMask = 2147483647;
			files = (
			);
			inputFileListPaths = (
			);
			inputPaths = (
				"${PODS_PODFILE_DIR_PATH}/Podfile.lock",
				"${PODS_ROOT}/Manifest.lock",
			);
			name = "[CP] Check Pods Manifest.lock";
			outputFileListPaths = (
			);
			outputPaths = (
				"$(DERIVED_FILE_DIR)/Pods-MealRating-MealRatingUITests-checkManifestLockResult.txt",
			);
			runOnlyForDeploymentPostprocessing = 0;
			shellPath = /bin/sh;
			shellScript = "diff \"${PODS_PODFILE_DIR_PATH}/Podfile.lock\" \"${PODS_ROOT}/Manifest.lock\" > /dev/null\nif [ $? != 0 ] ; then\n    # print error to STDERR\n    echo \"error: The sandbox is not in sync with the Podfile.lock. Run 'pod install' or update your CocoaPods installation.\" >&2\n    exit 1\nfi\n# This output is used by Xcode 'outputs' to avoid re-running this script phase.\necho \"SUCCESS\" > \"${SCRIPT_OUTPUT_FILE_0}\"\n";
			showEnvVarsInLog = 0;
		};
/* End PBXShellScriptBuildPhase section */

/* Begin PBXSourcesBuildPhase section */
		9F02D1222614945D00C2086D /* Sources */ = {
			isa = PBXSourcesBuildPhase;
			buildActionMask = 2147483647;
			files = (
				9FD98E6427F59F8F003D5140 /* Persistence.swift in Sources */,
				9F40A0B926B81E1A003EADE5 /* Meal.swift in Sources */,
				9F1519EE269BF293008DFE26 /* RatingControl.swift in Sources */,
				9FD98E6227F59F80003D5140 /* AppDatabase.swift in Sources */,
				9F58E08A26BAE9A70045896F /* MealTableViewController.swift in Sources */,
				9F58E08226BA9C260045896F /* MealTableViewCell.swift in Sources */,
				9F02D12E2614945D00C2086D /* MealDetailViewController.swift in Sources */,
				9F02D12A2614945D00C2086D /* AppDelegate.swift in Sources */,
				9F02D12C2614945D00C2086D /* SceneDelegate.swift in Sources */,
			);
			runOnlyForDeploymentPostprocessing = 0;
		};
		9F02D1382614945F00C2086D /* Sources */ = {
			isa = PBXSourcesBuildPhase;
			buildActionMask = 2147483647;
			files = (
				9F02D1412614945F00C2086D /* MealRatingTests.swift in Sources */,
			);
			runOnlyForDeploymentPostprocessing = 0;
		};
		9F02D1432614945F00C2086D /* Sources */ = {
			isa = PBXSourcesBuildPhase;
			buildActionMask = 2147483647;
			files = (
				9F02D14C2614945F00C2086D /* MealRatingUITests.swift in Sources */,
			);
			runOnlyForDeploymentPostprocessing = 0;
		};
/* End PBXSourcesBuildPhase section */

/* Begin PBXTargetDependency section */
		9F02D13E2614945F00C2086D /* PBXTargetDependency */ = {
			isa = PBXTargetDependency;
			target = 9F02D1252614945D00C2086D /* MealRating */;
			targetProxy = 9F02D13D2614945F00C2086D /* PBXContainerItemProxy */;
		};
		9F02D1492614945F00C2086D /* PBXTargetDependency */ = {
			isa = PBXTargetDependency;
			target = 9F02D1252614945D00C2086D /* MealRating */;
			targetProxy = 9F02D1482614945F00C2086D /* PBXContainerItemProxy */;
		};
/* End PBXTargetDependency section */

/* Begin PBXVariantGroup section */
		9F02D12F2614945D00C2086D /* Main.storyboard */ = {
			isa = PBXVariantGroup;
			children = (
				9F02D1302614945D00C2086D /* Base */,
			);
			name = Main.storyboard;
			sourceTree = "<group>";
		};
		9F02D1342614945F00C2086D /* LaunchScreen.storyboard */ = {
			isa = PBXVariantGroup;
			children = (
				9F02D1352614945F00C2086D /* Base */,
			);
			name = LaunchScreen.storyboard;
			sourceTree = "<group>";
		};
/* End PBXVariantGroup section */

/* Begin XCBuildConfiguration section */
		9F02D14E2614945F00C2086D /* Debug */ = {
			isa = XCBuildConfiguration;
			buildSettings = {
				ALWAYS_SEARCH_USER_PATHS = NO;
				CLANG_ANALYZER_NONNULL = YES;
				CLANG_ANALYZER_NUMBER_OBJECT_CONVERSION = YES_AGGRESSIVE;
				CLANG_CXX_LANGUAGE_STANDARD = "gnu++14";
				CLANG_CXX_LIBRARY = "libc++";
				CLANG_ENABLE_MODULES = YES;
				CLANG_ENABLE_OBJC_ARC = YES;
				CLANG_ENABLE_OBJC_WEAK = YES;
				CLANG_WARN_BLOCK_CAPTURE_AUTORELEASING = YES;
				CLANG_WARN_BOOL_CONVERSION = YES;
				CLANG_WARN_COMMA = YES;
				CLANG_WARN_CONSTANT_CONVERSION = YES;
				CLANG_WARN_DEPRECATED_OBJC_IMPLEMENTATIONS = YES;
				CLANG_WARN_DIRECT_OBJC_ISA_USAGE = YES_ERROR;
				CLANG_WARN_DOCUMENTATION_COMMENTS = YES;
				CLANG_WARN_EMPTY_BODY = YES;
				CLANG_WARN_ENUM_CONVERSION = YES;
				CLANG_WARN_INFINITE_RECURSION = YES;
				CLANG_WARN_INT_CONVERSION = YES;
				CLANG_WARN_NON_LITERAL_NULL_CONVERSION = YES;
				CLANG_WARN_OBJC_IMPLICIT_RETAIN_SELF = YES;
				CLANG_WARN_OBJC_LITERAL_CONVERSION = YES;
				CLANG_WARN_OBJC_ROOT_CLASS = YES_ERROR;
				CLANG_WARN_QUOTED_INCLUDE_IN_FRAMEWORK_HEADER = YES;
				CLANG_WARN_RANGE_LOOP_ANALYSIS = YES;
				CLANG_WARN_STRICT_PROTOTYPES = YES;
				CLANG_WARN_SUSPICIOUS_MOVE = YES;
				CLANG_WARN_UNGUARDED_AVAILABILITY = YES_AGGRESSIVE;
				CLANG_WARN_UNREACHABLE_CODE = YES;
				CLANG_WARN__DUPLICATE_METHOD_MATCH = YES;
				COPY_PHASE_STRIP = NO;
				DEBUG_INFORMATION_FORMAT = dwarf;
				ENABLE_STRICT_OBJC_MSGSEND = YES;
				ENABLE_TESTABILITY = YES;
				GCC_C_LANGUAGE_STANDARD = gnu11;
				GCC_DYNAMIC_NO_PIC = NO;
				GCC_NO_COMMON_BLOCKS = YES;
				GCC_OPTIMIZATION_LEVEL = 0;
				GCC_PREPROCESSOR_DEFINITIONS = (
					"DEBUG=1",
					"$(inherited)",
				);
				GCC_WARN_64_TO_32_BIT_CONVERSION = YES;
				GCC_WARN_ABOUT_RETURN_TYPE = YES_ERROR;
				GCC_WARN_UNDECLARED_SELECTOR = YES;
				GCC_WARN_UNINITIALIZED_AUTOS = YES_AGGRESSIVE;
				GCC_WARN_UNUSED_FUNCTION = YES;
				GCC_WARN_UNUSED_VARIABLE = YES;
				IPHONEOS_DEPLOYMENT_TARGET = 14.4;
				MTL_ENABLE_DEBUG_INFO = INCLUDE_SOURCE;
				MTL_FAST_MATH = YES;
				ONLY_ACTIVE_ARCH = YES;
				SDKROOT = iphoneos;
				SWIFT_ACTIVE_COMPILATION_CONDITIONS = DEBUG;
				SWIFT_OPTIMIZATION_LEVEL = "-Onone";
			};
			name = Debug;
		};
		9F02D14F2614945F00C2086D /* Release */ = {
			isa = XCBuildConfiguration;
			buildSettings = {
				ALWAYS_SEARCH_USER_PATHS = NO;
				CLANG_ANALYZER_NONNULL = YES;
				CLANG_ANALYZER_NUMBER_OBJECT_CONVERSION = YES_AGGRESSIVE;
				CLANG_CXX_LANGUAGE_STANDARD = "gnu++14";
				CLANG_CXX_LIBRARY = "libc++";
				CLANG_ENABLE_MODULES = YES;
				CLANG_ENABLE_OBJC_ARC = YES;
				CLANG_ENABLE_OBJC_WEAK = YES;
				CLANG_WARN_BLOCK_CAPTURE_AUTORELEASING = YES;
				CLANG_WARN_BOOL_CONVERSION = YES;
				CLANG_WARN_COMMA = YES;
				CLANG_WARN_CONSTANT_CONVERSION = YES;
				CLANG_WARN_DEPRECATED_OBJC_IMPLEMENTATIONS = YES;
				CLANG_WARN_DIRECT_OBJC_ISA_USAGE = YES_ERROR;
				CLANG_WARN_DOCUMENTATION_COMMENTS = YES;
				CLANG_WARN_EMPTY_BODY = YES;
				CLANG_WARN_ENUM_CONVERSION = YES;
				CLANG_WARN_INFINITE_RECURSION = YES;
				CLANG_WARN_INT_CONVERSION = YES;
				CLANG_WARN_NON_LITERAL_NULL_CONVERSION = YES;
				CLANG_WARN_OBJC_IMPLICIT_RETAIN_SELF = YES;
				CLANG_WARN_OBJC_LITERAL_CONVERSION = YES;
				CLANG_WARN_OBJC_ROOT_CLASS = YES_ERROR;
				CLANG_WARN_QUOTED_INCLUDE_IN_FRAMEWORK_HEADER = YES;
				CLANG_WARN_RANGE_LOOP_ANALYSIS = YES;
				CLANG_WARN_STRICT_PROTOTYPES = YES;
				CLANG_WARN_SUSPICIOUS_MOVE = YES;
				CLANG_WARN_UNGUARDED_AVAILABILITY = YES_AGGRESSIVE;
				CLANG_WARN_UNREACHABLE_CODE = YES;
				CLANG_WARN__DUPLICATE_METHOD_MATCH = YES;
				COPY_PHASE_STRIP = NO;
				DEBUG_INFORMATION_FORMAT = "dwarf-with-dsym";
				ENABLE_NS_ASSERTIONS = NO;
				ENABLE_STRICT_OBJC_MSGSEND = YES;
				GCC_C_LANGUAGE_STANDARD = gnu11;
				GCC_NO_COMMON_BLOCKS = YES;
				GCC_WARN_64_TO_32_BIT_CONVERSION = YES;
				GCC_WARN_ABOUT_RETURN_TYPE = YES_ERROR;
				GCC_WARN_UNDECLARED_SELECTOR = YES;
				GCC_WARN_UNINITIALIZED_AUTOS = YES_AGGRESSIVE;
				GCC_WARN_UNUSED_FUNCTION = YES;
				GCC_WARN_UNUSED_VARIABLE = YES;
				IPHONEOS_DEPLOYMENT_TARGET = 14.4;
				MTL_ENABLE_DEBUG_INFO = NO;
				MTL_FAST_MATH = YES;
				SDKROOT = iphoneos;
				SWIFT_COMPILATION_MODE = wholemodule;
				SWIFT_OPTIMIZATION_LEVEL = "-O";
				VALIDATE_PRODUCT = YES;
			};
			name = Release;
		};
		9F02D1512614945F00C2086D /* Debug */ = {
			isa = XCBuildConfiguration;
			baseConfigurationReference = ED8433ED69B6B0BBA5905A62 /* Pods-MealRating.debug.xcconfig */;
			buildSettings = {
				ASSETCATALOG_COMPILER_APPICON_NAME = AppIcon;
				ASSETCATALOG_COMPILER_GLOBAL_ACCENT_COLOR_NAME = AccentColor;
				CODE_SIGN_STYLE = Automatic;
				INFOPLIST_FILE = MealRating/Info.plist;
				LD_RUNPATH_SEARCH_PATHS = (
					"$(inherited)",
					"@executable_path/Frameworks",
				);
				PRODUCT_BUNDLE_IDENTIFIER = jingli.MealRating;
				PRODUCT_NAME = "$(TARGET_NAME)";
				SWIFT_VERSION = 5.0;
				TARGETED_DEVICE_FAMILY = "1,2";
			};
			name = Debug;
		};
		9F02D1522614945F00C2086D /* Release */ = {
			isa = XCBuildConfiguration;
			baseConfigurationReference = C9DDB71638887B4AC27FAA45 /* Pods-MealRating.release.xcconfig */;
			buildSettings = {
				ASSETCATALOG_COMPILER_APPICON_NAME = AppIcon;
				ASSETCATALOG_COMPILER_GLOBAL_ACCENT_COLOR_NAME = AccentColor;
				CODE_SIGN_STYLE = Automatic;
				INFOPLIST_FILE = MealRating/Info.plist;
				LD_RUNPATH_SEARCH_PATHS = (
					"$(inherited)",
					"@executable_path/Frameworks",
				);
				PRODUCT_BUNDLE_IDENTIFIER = jingli.MealRating;
				PRODUCT_NAME = "$(TARGET_NAME)";
				SWIFT_VERSION = 5.0;
				TARGETED_DEVICE_FAMILY = "1,2";
			};
			name = Release;
		};
		9F02D1542614945F00C2086D /* Debug */ = {
			isa = XCBuildConfiguration;
			baseConfigurationReference = CA4AB655681BD4C2D4F114F2 /* Pods-MealRatingTests.debug.xcconfig */;
			buildSettings = {
				ALWAYS_EMBED_SWIFT_STANDARD_LIBRARIES = YES;
				BUNDLE_LOADER = "$(TEST_HOST)";
				CODE_SIGN_STYLE = Automatic;
				INFOPLIST_FILE = MealRatingTests/Info.plist;
				IPHONEOS_DEPLOYMENT_TARGET = 14.4;
				LD_RUNPATH_SEARCH_PATHS = (
					"$(inherited)",
					"@executable_path/Frameworks",
					"@loader_path/Frameworks",
				);
				PRODUCT_BUNDLE_IDENTIFIER = jingli.MealRatingTests;
				PRODUCT_NAME = "$(TARGET_NAME)";
				SWIFT_VERSION = 5.0;
				TARGETED_DEVICE_FAMILY = "1,2";
				TEST_HOST = "$(BUILT_PRODUCTS_DIR)/MealRating.app/MealRating";
			};
			name = Debug;
		};
		9F02D1552614945F00C2086D /* Release */ = {
			isa = XCBuildConfiguration;
			baseConfigurationReference = B3C3909C84F3B93A9F3F5A9F /* Pods-MealRatingTests.release.xcconfig */;
			buildSettings = {
				ALWAYS_EMBED_SWIFT_STANDARD_LIBRARIES = YES;
				BUNDLE_LOADER = "$(TEST_HOST)";
				CODE_SIGN_STYLE = Automatic;
				INFOPLIST_FILE = MealRatingTests/Info.plist;
				IPHONEOS_DEPLOYMENT_TARGET = 14.4;
				LD_RUNPATH_SEARCH_PATHS = (
					"$(inherited)",
					"@executable_path/Frameworks",
					"@loader_path/Frameworks",
				);
				PRODUCT_BUNDLE_IDENTIFIER = jingli.MealRatingTests;
				PRODUCT_NAME = "$(TARGET_NAME)";
				SWIFT_VERSION = 5.0;
				TARGETED_DEVICE_FAMILY = "1,2";
				TEST_HOST = "$(BUILT_PRODUCTS_DIR)/MealRating.app/MealRating";
			};
			name = Release;
		};
		9F02D1572614945F00C2086D /* Debug */ = {
			isa = XCBuildConfiguration;
			baseConfigurationReference = 35570F777E725CD577E24A48 /* Pods-MealRating-MealRatingUITests.debug.xcconfig */;
			buildSettings = {
				ALWAYS_EMBED_SWIFT_STANDARD_LIBRARIES = YES;
				CODE_SIGN_STYLE = Automatic;
				INFOPLIST_FILE = MealRatingUITests/Info.plist;
				LD_RUNPATH_SEARCH_PATHS = (
					"$(inherited)",
					"@executable_path/Frameworks",
					"@loader_path/Frameworks",
				);
				PRODUCT_BUNDLE_IDENTIFIER = jingli.MealRatingUITests;
				PRODUCT_NAME = "$(TARGET_NAME)";
				SWIFT_VERSION = 5.0;
				TARGETED_DEVICE_FAMILY = "1,2";
				TEST_TARGET_NAME = MealRating;
			};
			name = Debug;
		};
		9F02D1582614945F00C2086D /* Release */ = {
			isa = XCBuildConfiguration;
			baseConfigurationReference = 2A5BB86DBF88A22ADE509FA3 /* Pods-MealRating-MealRatingUITests.release.xcconfig */;
			buildSettings = {
				ALWAYS_EMBED_SWIFT_STANDARD_LIBRARIES = YES;
				CODE_SIGN_STYLE = Automatic;
				INFOPLIST_FILE = MealRatingUITests/Info.plist;
				LD_RUNPATH_SEARCH_PATHS = (
					"$(inherited)",
					"@executable_path/Frameworks",
					"@loader_path/Frameworks",
				);
				PRODUCT_BUNDLE_IDENTIFIER = jingli.MealRatingUITests;
				PRODUCT_NAME = "$(TARGET_NAME)";
				SWIFT_VERSION = 5.0;
				TARGETED_DEVICE_FAMILY = "1,2";
				TEST_TARGET_NAME = MealRating;
			};
			name = Release;
		};
/* End XCBuildConfiguration section */

/* Begin XCConfigurationList section */
		9F02D1212614945C00C2086D /* Build configuration list for PBXProject "MealRating" */ = {
			isa = XCConfigurationList;
			buildConfigurations = (
				9F02D14E2614945F00C2086D /* Debug */,
				9F02D14F2614945F00C2086D /* Release */,
			);
			defaultConfigurationIsVisible = 0;
			defaultConfigurationName = Release;
		};
		9F02D1502614945F00C2086D /* Build configuration list for PBXNativeTarget "MealRating" */ = {
			isa = XCConfigurationList;
			buildConfigurations = (
				9F02D1512614945F00C2086D /* Debug */,
				9F02D1522614945F00C2086D /* Release */,
			);
			defaultConfigurationIsVisible = 0;
			defaultConfigurationName = Release;
		};
		9F02D1532614945F00C2086D /* Build configuration list for PBXNativeTarget "MealRatingTests" */ = {
			isa = XCConfigurationList;
			buildConfigurations = (
				9F02D1542614945F00C2086D /* Debug */,
				9F02D1552614945F00C2086D /* Release */,
			);
			defaultConfigurationIsVisible = 0;
			defaultConfigurationName = Release;
		};
		9F02D1562614945F00C2086D /* Build configuration list for PBXNativeTarget "MealRatingUITests" */ = {
			isa = XCConfigurationList;
			buildConfigurations = (
				9F02D1572614945F00C2086D /* Debug */,
				9F02D1582614945F00C2086D /* Release */,
			);
			defaultConfigurationIsVisible = 0;
			defaultConfigurationName = Release;
		};
/* End XCConfigurationList section */
	};
	rootObject = 9F02D11E2614945C00C2086D /* Project object */;
}
